
Microsoft Visual Studio Solution File, Format Version 12.00
# Visual Studio Version 16
VisualStudioVersion = 16.0.810.16
MinimumVisualStudioVersion = 10.0.40219.1
Project("{FAE04EC0-301F-11D3-BF4B-00C04F79EFBC}") = "Mission05", "Mission04\Mission05.csproj", "{13AE3881-3B47-473F-80CD-371AE01878F5}"
EndProject
Global
	GlobalSection(SolutionConfigurationPlatforms) = preSolution
		Debug|Any CPU = Debug|Any CPU
		Release|Any CPU = Release|Any CPU
	EndGlobalSection
	GlobalSection(ProjectConfigurationPlatforms) = postSolution
		{13AE3881-3B47-473F-80CD-371AE01878F5}.Debug|Any CPU.ActiveCfg = Debug|Any CPU
		{13AE3881-3B47-473F-80CD-371AE01878F5}.Debug|Any CPU.Build.0 = Debug|Any CPU
		{13AE3881-3B47-473F-80CD-371AE01878F5}.Release|Any CPU.ActiveCfg = Release|Any CPU
		{13AE3881-3B47-473F-80CD-371AE01878F5}.Release|Any CPU.Build.0 = Release|Any CPU
	EndGlobalSection
	GlobalSection(SolutionProperties) = preSolution
		HideSolutionNode = FALSE
	EndGlobalSection
	GlobalSection(ExtensibilityGlobals) = postSolution
		SolutionGuid = {439034A2-80A4-4815-821D-E5185A1B55E4}
	EndGlobalSection
EndGlobal
